
Microsoft Visual Studio Solution File, Format Version 12.00
# Visual Studio Version 17
VisualStudioVersion = 17.1.32228.430
MinimumVisualStudioVersion = 10.0.40219.1
Project("{FAE04EC0-301F-11D3-BF4B-00C04F79EFBC}") = "Uchet", "Uchet\Uchet.csproj", "{C3C782DF-7894-426D-9801-4ED50A67C6FC}"
EndProject
Global
	GlobalSection(SolutionConfigurationPlatforms) = preSolution
		Debug|Any CPU = Debug|Any CPU
		Release|Any CPU = Release|Any CPU
	EndGlobalSection
	GlobalSection(ProjectConfigurationPlatforms) = postSolution
		{C3C782DF-7894-426D-9801-4ED50A67C6FC}.Debug|Any CPU.ActiveCfg = Debug|Any CPU
		{C3C782DF-7894-426D-9801-4ED50A67C6FC}.Debug|Any CPU.Build.0 = Debug|Any CPU
		{C3C782DF-7894-426D-9801-4ED50A67C6FC}.Release|Any CPU.ActiveCfg = Release|Any CPU
		{C3C782DF-7894-426D-9801-4ED50A67C6FC}.Release|Any CPU.Build.0 = Release|Any CPU
	EndGlobalSection
	GlobalSection(SolutionProperties) = preSolution
		HideSolutionNode = FALSE
	EndGlobalSection
	GlobalSection(ExtensibilityGlobals) = postSolution
		SolutionGuid = {F618A209-2D05-41A0-8B73-A01B10D87050}
	EndGlobalSection
EndGlobal
